
Microsoft Visual Studio Solution File, Format Version 12.00
# Visual Studio Version 17
VisualStudioVersion = 17.13.36105.23 d17.13
MinimumVisualStudioVersion = 10.0.40219.1
Project("{FAE04EC0-301F-11D3-BF4B-00C04F79EFBC}") = "Demo1", "Demo1.csproj", "{748A1012-66A4-43F8-9444-9EC784B9D14B}"
EndProject
Global
	GlobalSection(SolutionConfigurationPlatforms) = preSolution
		Debug|Any CPU = Debug|Any CPU
		Release|Any CPU = Release|Any CPU
	EndGlobalSection
	GlobalSection(ProjectConfigurationPlatforms) = postSolution
		{748A1012-66A4-43F8-9444-9EC784B9D14B}.Debug|Any CPU.ActiveCfg = Debug|Any CPU
		{748A1012-66A4-43F8-9444-9EC784B9D14B}.Debug|Any CPU.Build.0 = Debug|Any CPU
		{748A1012-66A4-43F8-9444-9EC784B9D14B}.Release|Any CPU.ActiveCfg = Release|Any CPU
		{748A1012-66A4-43F8-9444-9EC784B9D14B}.Release|Any CPU.Build.0 = Release|Any CPU
	EndGlobalSection
	GlobalSection(SolutionProperties) = preSolution
		HideSolutionNode = FALSE
	EndGlobalSection
	GlobalSection(ExtensibilityGlobals) = postSolution
		SolutionGuid = {EBEE3781-3F9C-44D3-A00B-C0D992249661}
	EndGlobalSection
EndGlobal
